
Microsoft Visual Studio Solution File, Format Version 12.00
# Visual Studio Version 16
VisualStudioVersion = 16.0.30204.135
MinimumVisualStudioVersion = 10.0.40219.1
Project("{9A19103F-16F7-4668-BE54-9A1E7A4F7556}") = "Sage.CRM.Rest.Api", "Sage.CRM.Rest.Api\Sage.CRM.Rest.Api.csproj", "{7A97F0DE-C9BB-4BF8-AB02-D7C245D876D3}"
EndProject
Project("{9A19103F-16F7-4668-BE54-9A1E7A4F7556}") = "Sage.CRM.Rest.Tester", "Sage.CRM.Rest.Tester\Sage.CRM.Rest.Tester.csproj", "{5AFE6A61-76A3-4957-8C22-68F966E7D430}"
EndProject
Global
	GlobalSection(SolutionConfigurationPlatforms) = preSolution
		Debug|Any CPU = Debug|Any CPU
		Release|Any CPU = Release|Any CPU
	EndGlobalSection
	GlobalSection(ProjectConfigurationPlatforms) = postSolution
		{7A97F0DE-C9BB-4BF8-AB02-D7C245D876D3}.Debug|Any CPU.ActiveCfg = Debug|Any CPU
		{7A97F0DE-C9BB-4BF8-AB02-D7C245D876D3}.Debug|Any CPU.Build.0 = Debug|Any CPU
		{7A97F0DE-C9BB-4BF8-AB02-D7C245D876D3}.Release|Any CPU.ActiveCfg = Release|Any CPU
		{7A97F0DE-C9BB-4BF8-AB02-D7C245D876D3}.Release|Any CPU.Build.0 = Release|Any CPU
		{5AFE6A61-76A3-4957-8C22-68F966E7D430}.Debug|Any CPU.ActiveCfg = Debug|Any CPU
		{5AFE6A61-76A3-4957-8C22-68F966E7D430}.Debug|Any CPU.Build.0 = Debug|Any CPU
		{5AFE6A61-76A3-4957-8C22-68F966E7D430}.Release|Any CPU.ActiveCfg = Release|Any CPU
		{5AFE6A61-76A3-4957-8C22-68F966E7D430}.Release|Any CPU.Build.0 = Release|Any CPU
	EndGlobalSection
	GlobalSection(SolutionProperties) = preSolution
		HideSolutionNode = FALSE
	EndGlobalSection
	GlobalSection(ExtensibilityGlobals) = postSolution
		SolutionGuid = {0937BBA5-7973-4DCD-AD15-9C2523B21662}
	EndGlobalSection
EndGlobal
